
Microsoft Visual Studio Solution File, Format Version 12.00
# Visual Studio Version 17
VisualStudioVersion = 17.3.32929.385
MinimumVisualStudioVersion = 10.0.40219.1
Project("{2150E333-8FDC-42A3-9474-1A3956D46DE8}") = "src", "src", "{BFA14986-6D78-47D9-9FCF-D5FC24318576}"
EndProject
Project("{2150E333-8FDC-42A3-9474-1A3956D46DE8}") = "tests", "tests", "{735C2E6E-050C-4181-886F-4487E67ACAB1}"
EndProject
Project("{9A19103F-16F7-4668-BE54-9A1E7A4F7556}") = "playme_api", "src\playme_api\playme_api.csproj", "{29560941-115C-427E-A1FE-594F1A89E170}"
EndProject
Project("{9A19103F-16F7-4668-BE54-9A1E7A4F7556}") = "playme_test", "src\playme_test\playme_test.csproj", "{EF46F505-A831-4DDC-A875-39555784088F}"
EndProject
Global
	GlobalSection(SolutionConfigurationPlatforms) = preSolution
		Debug|Any CPU = Debug|Any CPU
		Release|Any CPU = Release|Any CPU
	EndGlobalSection
	GlobalSection(ProjectConfigurationPlatforms) = postSolution
		{29560941-115C-427E-A1FE-594F1A89E170}.Debug|Any CPU.ActiveCfg = Debug|Any CPU
		{29560941-115C-427E-A1FE-594F1A89E170}.Debug|Any CPU.Build.0 = Debug|Any CPU
		{29560941-115C-427E-A1FE-594F1A89E170}.Release|Any CPU.ActiveCfg = Release|Any CPU
		{29560941-115C-427E-A1FE-594F1A89E170}.Release|Any CPU.Build.0 = Release|Any CPU
		{EF46F505-A831-4DDC-A875-39555784088F}.Debug|Any CPU.ActiveCfg = Debug|Any CPU
		{EF46F505-A831-4DDC-A875-39555784088F}.Debug|Any CPU.Build.0 = Debug|Any CPU
		{EF46F505-A831-4DDC-A875-39555784088F}.Release|Any CPU.ActiveCfg = Release|Any CPU
		{EF46F505-A831-4DDC-A875-39555784088F}.Release|Any CPU.Build.0 = Release|Any CPU
	EndGlobalSection
	GlobalSection(SolutionProperties) = preSolution
		HideSolutionNode = FALSE
	EndGlobalSection
	GlobalSection(NestedProjects) = preSolution
		{29560941-115C-427E-A1FE-594F1A89E170} = {BFA14986-6D78-47D9-9FCF-D5FC24318576}
		{EF46F505-A831-4DDC-A875-39555784088F} = {735C2E6E-050C-4181-886F-4487E67ACAB1}
	EndGlobalSection
	GlobalSection(ExtensibilityGlobals) = postSolution
		SolutionGuid = {BD55AA61-B357-428A-A3A7-121FF7C4A7D2}
	EndGlobalSection
EndGlobal
